
Microsoft Visual Studio Solution File, Format Version 12.00
# Visual Studio Version 17
VisualStudioVersion = 17.9.34714.143
MinimumVisualStudioVersion = 10.0.40219.1
Project("{9A19103F-16F7-4668-BE54-9A1E7A4F7556}") = "DeepSeekProxy", "DeepSeekProxy\DeepSeekProxy.csproj", "{F6137656-4D44-4D9A-A1DA-24CD3602F16F}"
EndProject
Global
	GlobalSection(SolutionConfigurationPlatforms) = preSolution
		Debug|Any CPU = Debug|Any CPU
		Debug|x64 = Debug|x64
		Release|Any CPU = Release|Any CPU
		Release|x64 = Release|x64
		x64|Any CPU = x64|Any CPU
		x64|x64 = x64|x64
	EndGlobalSection
	GlobalSection(ProjectConfigurationPlatforms) = postSolution
		{F6137656-4D44-4D9A-A1DA-24CD3602F16F}.Debug|Any CPU.ActiveCfg = Debug|Any CPU
		{F6137656-4D44-4D9A-A1DA-24CD3602F16F}.Debug|Any CPU.Build.0 = Debug|Any CPU
		{F6137656-4D44-4D9A-A1DA-24CD3602F16F}.Debug|x64.ActiveCfg = Debug|x64
		{F6137656-4D44-4D9A-A1DA-24CD3602F16F}.Debug|x64.Build.0 = Debug|x64
		{F6137656-4D44-4D9A-A1DA-24CD3602F16F}.Release|Any CPU.ActiveCfg = Release|Any CPU
		{F6137656-4D44-4D9A-A1DA-24CD3602F16F}.Release|Any CPU.Build.0 = Release|Any CPU
		{F6137656-4D44-4D9A-A1DA-24CD3602F16F}.Release|x64.ActiveCfg = Release|x64
		{F6137656-4D44-4D9A-A1DA-24CD3602F16F}.Release|x64.Build.0 = Release|x64
		{F6137656-4D44-4D9A-A1DA-24CD3602F16F}.x64|Any CPU.ActiveCfg = x64|Any CPU
		{F6137656-4D44-4D9A-A1DA-24CD3602F16F}.x64|Any CPU.Build.0 = x64|Any CPU
		{F6137656-4D44-4D9A-A1DA-24CD3602F16F}.x64|x64.ActiveCfg = x64|x64
		{F6137656-4D44-4D9A-A1DA-24CD3602F16F}.x64|x64.Build.0 = x64|x64
	EndGlobalSection
	GlobalSection(SolutionProperties) = preSolution
		HideSolutionNode = FALSE
	EndGlobalSection
	GlobalSection(ExtensibilityGlobals) = postSolution
		SolutionGuid = {5B9AAFCB-BA3A-4BD3-9176-50AC954E8829}
	EndGlobalSection
EndGlobal
